// !$*UTF8*$!
{
	archiveVersion = 1;
	classes = {
	};
	objectVersion = 55;
	objects = {

/* Begin PBXBuildFile section */
		BDA5A5C52CBE9F6200866748 /* AppDelegate.swift in Sources */ = {isa = PBXBuildFile; fileRef = BDA5A5C42CBE9F6200866748 /* AppDelegate.swift */; };
		BDA5A5C72CBE9F6200866748 /* SceneDelegate.swift in Sources */ = {isa = PBXBuildFile; fileRef = BDA5A5C62CBE9F6200866748 /* SceneDelegate.swift */; };
		BDA5A5C92CBE9F6200866748 /* AllListsViewController.swift in Sources */ = {isa = PBXBuildFile; fileRef = BDA5A5C82CBE9F6200866748 /* AllListsViewController.swift */; };
		BDA5A5CC2CBE9F6200866748 /* Main.storyboard in Resources */ = {isa = PBXBuildFile; fileRef = BDA5A5CA2CBE9F6200866748 /* Main.storyboard */; };
		BDA5A5CE2CBE9F6A00866748 /* Assets.xcassets in Resources */ = {isa = PBXBuildFile; fileRef = BDA5A5CD2CBE9F6A00866748 /* Assets.xcassets */; };
		BDA5A5D12CBE9F6A00866748 /* LaunchScreen.storyboard in Resources */ = {isa = PBXBuildFile; fileRef = BDA5A5CF2CBE9F6A00866748 /* LaunchScreen.storyboard */; };
		BDA5A5DA2CBEA1A000866748 /* ListCellTableViewCell.swift in Sources */ = {isa = PBXBuildFile; fileRef = BDA5A5D82CBEA1A000866748 /* ListCellTableViewCell.swift */; };
		BDA5A5DB2CBEA1A000866748 /* ListCellTableViewCell.xib in Resources */ = {isa = PBXBuildFile; fileRef = BDA5A5D92CBEA1A000866748 /* ListCellTableViewCell.xib */; };
		BDA5A5DD2CBEAE9500866748 /* ListsViewModel.swift in Sources */ = {isa = PBXBuildFile; fileRef = BDA5A5DC2CBEAE9500866748 /* ListsViewModel.swift */; };
		BDA5A5DF2CBEAEB200866748 /* List.swift in Sources */ = {isa = PBXBuildFile; fileRef = BDA5A5DE2CBEAEB200866748 /* List.swift */; };
		BDA5A5E12CBEB1F100866748 /* ListItemViewController.swift in Sources */ = {isa = PBXBuildFile; fileRef = BDA5A5E02CBEB1F100866748 /* ListItemViewController.swift */; };
		BDA5A5E42CBEB34200866748 /* ListItemsTableViewCell.swift in Sources */ = {isa = PBXBuildFile; fileRef = BDA5A5E22CBEB34200866748 /* ListItemsTableViewCell.swift */; };
		BDA5A5E52CBEB34200866748 /* ListItemsTableViewCell.xib in Resources */ = {isa = PBXBuildFile; fileRef = BDA5A5E32CBEB34200866748 /* ListItemsTableViewCell.xib */; };
/* End PBXBuildFile section */

/* Begin PBXFileReference section */
		BDA5A5C12CBE9F6200866748 /* Lists.app */ = {isa = PBXFileReference; explicitFileType = wrapper.application; includeInIndex = 0; path = Lists.app; sourceTree = BUILT_PRODUCTS_DIR; };
		BDA5A5C42CBE9F6200866748 /* AppDelegate.swift */ = {isa = PBXFileReference; lastKnownFileType = sourcecode.swift; path = AppDelegate.swift; sourceTree = "<group>"; };
		BDA5A5C62CBE9F6200866748 /* SceneDelegate.swift */ = {isa = PBXFileReference; lastKnownFileType = sourcecode.swift; path = SceneDelegate.swift; sourceTree = "<group>"; };
		BDA5A5C82CBE9F6200866748 /* AllListsViewController.swift */ = {isa = PBXFileReference; lastKnownFileType = sourcecode.swift; path = AllListsViewController.swift; sourceTree = "<group>"; };
		BDA5A5CB2CBE9F6200866748 /* Base */ = {isa = PBXFileReference; lastKnownFileType = file.storyboard; name = Base; path = Base.lproj/Main.storyboard; sourceTree = "<group>"; };
		BDA5A5CD2CBE9F6A00866748 /* Assets.xcassets */ = {isa = PBXFileReference; lastKnownFileType = folder.assetcatalog; path = Assets.xcassets; sourceTree = "<group>"; };
		BDA5A5D02CBE9F6A00866748 /* Base */ = {isa = PBXFileReference; lastKnownFileType = file.storyboard; name = Base; path = Base.lproj/LaunchScreen.storyboard; sourceTree = "<group>"; };
		BDA5A5D22CBE9F6A00866748 /* Info.plist */ = {isa = PBXFileReference; lastKnownFileType = text.plist.xml; path = Info.plist; sourceTree = "<group>"; };
		BDA5A5D82CBEA1A000866748 /* ListCellTableViewCell.swift */ = {isa = PBXFileReference; lastKnownFileType = sourcecode.swift; path = ListCellTableViewCell.swift; sourceTree = "<group>"; };
		BDA5A5D92CBEA1A000866748 /* ListCellTableViewCell.xib */ = {isa = PBXFileReference; lastKnownFileType = file.xib; path = ListCellTableViewCell.xib; sourceTree = "<group>"; };
		BDA5A5DC2CBEAE9500866748 /* ListsViewModel.swift */ = {isa = PBXFileReference; lastKnownFileType = sourcecode.swift; path = ListsViewModel.swift; sourceTree = "<group>"; };
		BDA5A5DE2CBEAEB200866748 /* List.swift */ = {isa = PBXFileReference; lastKnownFileType = sourcecode.swift; path = List.swift; sourceTree = "<group>"; };
		BDA5A5E02CBEB1F100866748 /* ListItemViewController.swift */ = {isa = PBXFileReference; lastKnownFileType = sourcecode.swift; path = ListItemViewController.swift; sourceTree = "<group>"; };
		BDA5A5E22CBEB34200866748 /* ListItemsTableViewCell.swift */ = {isa = PBXFileReference; lastKnownFileType = sourcecode.swift; path = ListItemsTableViewCell.swift; sourceTree = "<group>"; };
		BDA5A5E32CBEB34200866748 /* ListItemsTableViewCell.xib */ = {isa = PBXFileReference; lastKnownFileType = file.xib; path = ListItemsTableViewCell.xib; sourceTree = "<group>"; };
/* End PBXFileReference section */

/* Begin PBXFrameworksBuildPhase section */
		BDA5A5BE2CBE9F6200866748 /* Frameworks */ = {
			isa = PBXFrameworksBuildPhase;
			buildActionMask = 2147483647;
			files = (
			);
			runOnlyForDeploymentPostprocessing = 0;
		};
/* End PBXFrameworksBuildPhase section */

/* Begin PBXGroup section */
		BDA5A5B82CBE9F6200866748 = {
			isa = PBXGroup;
			children = (
				BDA5A5C32CBE9F6200866748 /* Lists */,
				BDA5A5C22CBE9F6200866748 /* Products */,
			);
			sourceTree = "<group>";
		};
		BDA5A5C22CBE9F6200866748 /* Products */ = {
			isa = PBXGroup;
			children = (
				BDA5A5C12CBE9F6200866748 /* Lists.app */,
			);
			name = Products;
			sourceTree = "<group>";
		};
		BDA5A5C32CBE9F6200866748 /* Lists */ = {
			isa = PBXGroup;
			children = (
				BDA5A5C42CBE9F6200866748 /* AppDelegate.swift */,
				BDA5A5C62CBE9F6200866748 /* SceneDelegate.swift */,
				BDA5A5C82CBE9F6200866748 /* AllListsViewController.swift */,
				BDA5A5CA2CBE9F6200866748 /* Main.storyboard */,
				BDA5A5CD2CBE9F6A00866748 /* Assets.xcassets */,
				BDA5A5CF2CBE9F6A00866748 /* LaunchScreen.storyboard */,
				BDA5A5D22CBE9F6A00866748 /* Info.plist */,
				BDA5A5D82CBEA1A000866748 /* ListCellTableViewCell.swift */,
				BDA5A5D92CBEA1A000866748 /* ListCellTableViewCell.xib */,
				BDA5A5DC2CBEAE9500866748 /* ListsViewModel.swift */,
				BDA5A5DE2CBEAEB200866748 /* List.swift */,
				BDA5A5E02CBEB1F100866748 /* ListItemViewController.swift */,
				BDA5A5E22CBEB34200866748 /* ListItemsTableViewCell.swift */,
				BDA5A5E32CBEB34200866748 /* ListItemsTableViewCell.xib */,
			);
			path = Lists;
			sourceTree = "<group>";
		};
/* End PBXGroup section */

/* Begin PBXNativeTarget section */
		BDA5A5C02CBE9F6200866748 /* Lists */ = {
			isa = PBXNativeTarget;
			buildConfigurationList = BDA5A5D52CBE9F6A00866748 /* Build configuration list for PBXNativeTarget "Lists" */;
			buildPhases = (
				BDA5A5BD2CBE9F6200866748 /* Sources */,
				BDA5A5BE2CBE9F6200866748 /* Frameworks */,
				BDA5A5BF2CBE9F6200866748 /* Resources */,
			);
			buildRules = (
			);
			dependencies = (
			);
			name = Lists;
			productName = Lists;
			productReference = BDA5A5C12CBE9F6200866748 /* Lists.app */;
			productType = "com.apple.product-type.application";
		};
/* End PBXNativeTarget section */

/* Begin PBXProject section */
		BDA5A5B92CBE9F6200866748 /* Project object */ = {
			isa = PBXProject;
			attributes = {
				BuildIndependentTargetsInParallel = 1;
				LastSwiftUpdateCheck = 1340;
				LastUpgradeCheck = 1340;
				TargetAttributes = {
					BDA5A5C02CBE9F6200866748 = {
						CreatedOnToolsVersion = 13.4.1;
					};
				};
			};
			buildConfigurationList = BDA5A5BC2CBE9F6200866748 /* Build configuration list for PBXProject "Lists" */;
			compatibilityVersion = "Xcode 13.0";
			developmentRegion = en;
			hasScannedForEncodings = 0;
			knownRegions = (
				en,
				Base,
			);
			mainGroup = BDA5A5B82CBE9F6200866748;
			productRefGroup = BDA5A5C22CBE9F6200866748 /* Products */;
			projectDirPath = "";
			projectRoot = "";
			targets = (
				BDA5A5C02CBE9F6200866748 /* Lists */,
			);
		};
/* End PBXProject section */

/* Begin PBXResourcesBuildPhase section */
		BDA5A5BF2CBE9F6200866748 /* Resources */ = {
			isa = PBXResourcesBuildPhase;
			buildActionMask = 2147483647;
			files = (
				BDA5A5D12CBE9F6A00866748 /* LaunchScreen.storyboard in Resources */,
				BDA5A5E52CBEB34200866748 /* ListItemsTableViewCell.xib in Resources */,
				BDA5A5DB2CBEA1A000866748 /* ListCellTableViewCell.xib in Resources */,
				BDA5A5CE2CBE9F6A00866748 /* Assets.xcassets in Resources */,
				BDA5A5CC2CBE9F6200866748 /* Main.storyboard in Resources */,
			);
			runOnlyForDeploymentPostprocessing = 0;
		};
/* End PBXResourcesBuildPhase section */

/* Begin PBXSourcesBuildPhase section */
		BDA5A5BD2CBE9F6200866748 /* Sources */ = {
			isa = PBXSourcesBuildPhase;
			buildActionMask = 2147483647;
			files = (
				BDA5A5E42CBEB34200866748 /* ListItemsTableViewCell.swift in Sources */,
				BDA5A5C92CBE9F6200866748 /* AllListsViewController.swift in Sources */,
				BDA5A5DA2CBEA1A000866748 /* ListCellTableViewCell.swift in Sources */,
				BDA5A5DD2CBEAE9500866748 /* ListsViewModel.swift in Sources */,
				BDA5A5C52CBE9F6200866748 /* AppDelegate.swift in Sources */,
				BDA5A5E12CBEB1F100866748 /* ListItemViewController.swift in Sources */,
				BDA5A5C72CBE9F6200866748 /* SceneDelegate.swift in Sources */,
				BDA5A5DF2CBEAEB200866748 /* List.swift in Sources */,
			);
			runOnlyForDeploymentPostprocessing = 0;
		};
/* End PBXSourcesBuildPhase section */

/* Begin PBXVariantGroup section */
		BDA5A5CA2CBE9F6200866748 /* Main.storyboard */ = {
			isa = PBXVariantGroup;
			children = (
				BDA5A5CB2CBE9F6200866748 /* Base */,
			);
			name = Main.storyboard;
			sourceTree = "<group>";
		};
		BDA5A5CF2CBE9F6A00866748 /* LaunchScreen.storyboard */ = {
			isa = PBXVariantGroup;
			children = (
				BDA5A5D02CBE9F6A00866748 /* Base */,
			);
			name = LaunchScreen.storyboard;
			sourceTree = "<group>";
		};
/* End PBXVariantGroup section */

/* Begin XCBuildConfiguration section */
		BDA5A5D32CBE9F6A00866748 /* Debug */ = {
			isa = XCBuildConfiguration;
			buildSettings = {
				ALWAYS_SEARCH_USER_PATHS = NO;
				CLANG_ANALYZER_NONNULL = YES;
				CLANG_ANALYZER_NUMBER_OBJECT_CONVERSION = YES_AGGRESSIVE;
				CLANG_CXX_LANGUAGE_STANDARD = "gnu++17";
				CLANG_ENABLE_MODULES = YES;
				CLANG_ENABLE_OBJC_ARC = YES;
				CLANG_ENABLE_OBJC_WEAK = YES;
				CLANG_WARN_BLOCK_CAPTURE_AUTORELEASING = YES;
				CLANG_WARN_BOOL_CONVERSION = YES;
				CLANG_WARN_COMMA = YES;
				CLANG_WARN_CONSTANT_CONVERSION = YES;
				CLANG_WARN_DEPRECATED_OBJC_IMPLEMENTATIONS = YES;
				CLANG_WARN_DIRECT_OBJC_ISA_USAGE = YES_ERROR;
				CLANG_WARN_DOCUMENTATION_COMMENTS = YES;
				CLANG_WARN_EMPTY_BODY = YES;
				CLANG_WARN_ENUM_CONVERSION = YES;
				CLANG_WARN_INFINITE_RECURSION = YES;
				CLANG_WARN_INT_CONVERSION = YES;
				CLANG_WARN_NON_LITERAL_NULL_CONVERSION = YES;
				CLANG_WARN_OBJC_IMPLICIT_RETAIN_SELF = YES;
				CLANG_WARN_OBJC_LITERAL_CONVERSION = YES;
				CLANG_WARN_OBJC_ROOT_CLASS = YES_ERROR;
				CLANG_WARN_QUOTED_INCLUDE_IN_FRAMEWORK_HEADER = YES;
				CLANG_WARN_RANGE_LOOP_ANALYSIS = YES;
				CLANG_WARN_STRICT_PROTOTYPES = YES;
				CLANG_WARN_SUSPICIOUS_MOVE = YES;
				CLANG_WARN_UNGUARDED_AVAILABILITY = YES_AGGRESSIVE;
				CLANG_WARN_UNREACHABLE_CODE = YES;
				CLANG_WARN__DUPLICATE_METHOD_MATCH = YES;
				COPY_PHASE_STRIP = NO;
				DEBUG_INFORMATION_FORMAT = dwarf;
				ENABLE_STRICT_OBJC_MSGSEND = YES;
				ENABLE_TESTABILITY = YES;
				GCC_C_LANGUAGE_STANDARD = gnu11;
				GCC_DYNAMIC_NO_PIC = NO;
				GCC_NO_COMMON_BLOCKS = YES;
				GCC_OPTIMIZATION_LEVEL = 0;
				GCC_PREPROCESSOR_DEFINITIONS = (
					"DEBUG=1",
					"$(inherited)",
				);
				GCC_WARN_64_TO_32_BIT_CONVERSION = YES;
				GCC_WARN_ABOUT_RETURN_TYPE = YES_ERROR;
				GCC_WARN_UNDECLARED_SELECTOR = YES;
				GCC_WARN_UNINITIALIZED_AUTOS = YES_AGGRESSIVE;
				GCC_WARN_UNUSED_FUNCTION = YES;
				GCC_WARN_UNUSED_VARIABLE = YES;
				IPHONEOS_DEPLOYMENT_TARGET = 15.5;
				MTL_ENABLE_DEBUG_INFO = INCLUDE_SOURCE;
				MTL_FAST_MATH = YES;
				ONLY_ACTIVE_ARCH = YES;
				SDKROOT = iphoneos;
				SWIFT_ACTIVE_COMPILATION_CONDITIONS = DEBUG;
				SWIFT_OPTIMIZATION_LEVEL = "-Onone";
			};
			name = Debug;
		};
		BDA5A5D42CBE9F6A00866748 /* Release */ = {
			isa = XCBuildConfiguration;
			buildSettings = {
				ALWAYS_SEARCH_USER_PATHS = NO;
				CLANG_ANALYZER_NONNULL = YES;
				CLANG_ANALYZER_NUMBER_OBJECT_CONVERSION = YES_AGGRESSIVE;
				CLANG_CXX_LANGUAGE_STANDARD = "gnu++17";
				CLANG_ENABLE_MODULES = YES;
				CLANG_ENABLE_OBJC_ARC = YES;
				CLANG_ENABLE_OBJC_WEAK = YES;
				CLANG_WARN_BLOCK_CAPTURE_AUTORELEASING = YES;
				CLANG_WARN_BOOL_CONVERSION = YES;
				CLANG_WARN_COMMA = YES;
				CLANG_WARN_CONSTANT_CONVERSION = YES;
				CLANG_WARN_DEPRECATED_OBJC_IMPLEMENTATIONS = YES;
				CLANG_WARN_DIRECT_OBJC_ISA_USAGE = YES_ERROR;
				CLANG_WARN_DOCUMENTATION_COMMENTS = YES;
				CLANG_WARN_EMPTY_BODY = YES;
				CLANG_WARN_ENUM_CONVERSION = YES;
				CLANG_WARN_INFINITE_RECURSION = YES;
				CLANG_WARN_INT_CONVERSION = YES;
				CLANG_WARN_NON_LITERAL_NULL_CONVERSION = YES;
				CLANG_WARN_OBJC_IMPLICIT_RETAIN_SELF = YES;
				CLANG_WARN_OBJC_LITERAL_CONVERSION = YES;
				CLANG_WARN_OBJC_ROOT_CLASS = YES_ERROR;
				CLANG_WARN_QUOTED_INCLUDE_IN_FRAMEWORK_HEADER = YES;
				CLANG_WARN_RANGE_LOOP_ANALYSIS = YES;
				CLANG_WARN_STRICT_PROTOTYPES = YES;
				CLANG_WARN_SUSPICIOUS_MOVE = YES;
				CLANG_WARN_UNGUARDED_AVAILABILITY = YES_AGGRESSIVE;
				CLANG_WARN_UNREACHABLE_CODE = YES;
				CLANG_WARN__DUPLICATE_METHOD_MATCH = YES;
				COPY_PHASE_STRIP = NO;
				DEBUG_INFORMATION_FORMAT = "dwarf-with-dsym";
				ENABLE_NS_ASSERTIONS = NO;
				ENABLE_STRICT_OBJC_MSGSEND = YES;
				GCC_C_LANGUAGE_STANDARD = gnu11;
				GCC_NO_COMMON_BLOCKS = YES;
				GCC_WARN_64_TO_32_BIT_CONVERSION = YES;
				GCC_WARN_ABOUT_RETURN_TYPE = YES_ERROR;
				GCC_WARN_UNDECLARED_SELECTOR = YES;
				GCC_WARN_UNINITIALIZED_AUTOS = YES_AGGRESSIVE;
				GCC_WARN_UNUSED_FUNCTION = YES;
				GCC_WARN_UNUSED_VARIABLE = YES;
				IPHONEOS_DEPLOYMENT_TARGET = 15.5;
				MTL_ENABLE_DEBUG_INFO = NO;
				MTL_FAST_MATH = YES;
				SDKROOT = iphoneos;
				SWIFT_COMPILATION_MODE = wholemodule;
				SWIFT_OPTIMIZATION_LEVEL = "-O";
				VALIDATE_PRODUCT = YES;
			};
			name = Release;
		};
		BDA5A5D62CBE9F6A00866748 /* Debug */ = {
			isa = XCBuildConfiguration;
			buildSettings = {
				ASSETCATALOG_COMPILER_APPICON_NAME = AppIcon;
				ASSETCATALOG_COMPILER_GLOBAL_ACCENT_COLOR_NAME = AccentColor;
				CODE_SIGN_STYLE = Automatic;
				CURRENT_PROJECT_VERSION = 1;
				DEVELOPMENT_TEAM = AC848382SM;
				GENERATE_INFOPLIST_FILE = YES;
				INFOPLIST_FILE = Lists/Info.plist;
				INFOPLIST_KEY_UIApplicationSupportsIndirectInputEvents = YES;
				INFOPLIST_KEY_UILaunchStoryboardName = LaunchScreen;
				INFOPLIST_KEY_UIMainStoryboardFile = Main;
				INFOPLIST_KEY_UISupportedInterfaceOrientations_iPad = "UIInterfaceOrientationPortrait UIInterfaceOrientationPortraitUpsideDown UIInterfaceOrientationLandscapeLeft UIInterfaceOrientationLandscapeRight";
				INFOPLIST_KEY_UISupportedInterfaceOrientations_iPhone = "UIInterfaceOrientationPortrait UIInterfaceOrientationLandscapeLeft UIInterfaceOrientationLandscapeRight";
				LD_RUNPATH_SEARCH_PATHS = (
					"$(inherited)",
					"@executable_path/Frameworks",
				);
				MARKETING_VERSION = 1.0;
				PRODUCT_BUNDLE_IDENTIFIER = "Vigneshwar-Devendran.Lists";
				PRODUCT_NAME = "$(TARGET_NAME)";
				SWIFT_EMIT_LOC_STRINGS = YES;
				SWIFT_VERSION = 5.0;
				TARGETED_DEVICE_FAMILY = "1,2";
			};
			name = Debug;
		};
		BDA5A5D72CBE9F6A00866748 /* Release */ = {
			isa = XCBuildConfiguration;
			buildSettings = {
				ASSETCATALOG_COMPILER_APPICON_NAME = AppIcon;
				ASSETCATALOG_COMPILER_GLOBAL_ACCENT_COLOR_NAME = AccentColor;
				CODE_SIGN_STYLE = Automatic;
				CURRENT_PROJECT_VERSION = 1;
				DEVELOPMENT_TEAM = AC848382SM;
				GENERATE_INFOPLIST_FILE = YES;
				INFOPLIST_FILE = Lists/Info.plist;
				INFOPLIST_KEY_UIApplicationSupportsIndirectInputEvents = YES;
				INFOPLIST_KEY_UILaunchStoryboardName = LaunchScreen;
				INFOPLIST_KEY_UIMainStoryboardFile = Main;
				INFOPLIST_KEY_UISupportedInterfaceOrientations_iPad = "UIInterfaceOrientationPortrait UIInterfaceOrientationPortraitUpsideDown UIInterfaceOrientationLandscapeLeft UIInterfaceOrientationLandscapeRight";
				INFOPLIST_KEY_UISupportedInterfaceOrientations_iPhone = "UIInterfaceOrientationPortrait UIInterfaceOrientationLandscapeLeft UIInterfaceOrientationLandscapeRight";
				LD_RUNPATH_SEARCH_PATHS = (
					"$(inherited)",
					"@executable_path/Frameworks",
				);
				MARKETING_VERSION = 1.0;
				PRODUCT_BUNDLE_IDENTIFIER = "Vigneshwar-Devendran.Lists";
				PRODUCT_NAME = "$(TARGET_NAME)";
				SWIFT_EMIT_LOC_STRINGS = YES;
				SWIFT_VERSION = 5.0;
				TARGETED_DEVICE_FAMILY = "1,2";
			};
			name = Release;
		};
/* End XCBuildConfiguration section */

/* Begin XCConfigurationList section */
		BDA5A5BC2CBE9F6200866748 /* Build configuration list for PBXProject "Lists" */ = {
			isa = XCConfigurationList;
			buildConfigurations = (
				BDA5A5D32CBE9F6A00866748 /* Debug */,
				BDA5A5D42CBE9F6A00866748 /* Release */,
			);
			defaultConfigurationIsVisible = 0;
			defaultConfigurationName = Release;
		};
		BDA5A5D52CBE9F6A00866748 /* Build configuration list for PBXNativeTarget "Lists" */ = {
			isa = XCConfigurationList;
			buildConfigurations = (
				BDA5A5D62CBE9F6A00866748 /* Debug */,
				BDA5A5D72CBE9F6A00866748 /* Release */,
			);
			defaultConfigurationIsVisible = 0;
			defaultConfigurationName = Release;
		};
/* End XCConfigurationList section */
	};
	rootObject = BDA5A5B92CBE9F6200866748 /* Project object */;
}
